<?xml version="1.0" encoding="UTF-8" standalone="yes" ?>
<CodeBlocks_project_file>
	<FileVersion major="1" minor="6" />
	<Project>
		<Option title="FsStorage" />
		<Option pch_mode="2" />
		<Option compiler="gcc" />
		<Build>
			<Target title="Debug">
				<Option output="Debug/FsStorage.plg" prefix_auto="0" extension_auto="0" />
				<Option object_output="Debug/obj/" />
				<Option type="3" />
				<Option compiler="gcc" />
				<Option createStaticLib="1" />
				<Compiler>
					<Add option="-Wall" />
					<Add option="-g" />
					<Add option="-DBUILD_DLL" />
				</Compiler>
				<Linker>
					<Add library="libboost_system-mt.a" />
					<Add library="libwebEngine.a" />
					<Add library="libboost_filesystem-mt.a" />
					<Add library="libboost_thread-mt.a" />
					<Add directory="../../../webEngine/libs/debug" />
				</Linker>
			</Target>
			<Target title="Release">
				<Option output="Release/FsStorage.plg" prefix_auto="0" extension_auto="0" />
				<Option object_output="Release/obj/" />
				<Option type="3" />
				<Option compiler="gcc" />
				<Option createStaticLib="1" />
				<Compiler>
					<Add option="-O2" />
					<Add option="-Wall" />
					<Add option="-DBUILD_DLL" />
				</Compiler>
				<Linker>
					<Add option="-s" />
					<Add library="libboost_system-mt.a" />
					<Add library="libwebEngine.a" />
					<Add library="libboost_filesystem-mt.a" />
					<Add library="libboost_thread-mt.a" />
					<Add directory="../../../webEngine/libs/release" />
				</Linker>
			</Target>
		</Build>
		<Compiler>
			<Add directory="../../../webEngine/include" />
		</Compiler>
		<Unit filename="dlExport.def" />
		<Unit filename="dlMain.cpp" />
		<Unit filename="storageFS.cpp" />
		<Unit filename="storageFS.h" />
		<Unit filename="version.h" />
		<Extensions>
			<AutoVersioning>
				<Scheme minor_max="10" build_max="0" rev_max="0" rev_rand_max="10" build_times_to_increment_minor="100" />
				<Settings autoincrement="1" date_declarations="1" do_auto_increment="0" ask_to_increment="0" language="C++" svn="0" svn_directory="" header_path="version.h" />
				<Changes_Log show_changes_editor="0" app_title="released version %M.%m.%b of %p" changeslog_path="ChangesLog.txt" />
			</AutoVersioning>
			<code_completion />
			<debugger />
			<envvars />
		</Extensions>
	</Project>
</CodeBlocks_project_file>
