
Microsoft Visual Studio Solution File, Format Version 9.00
# Visual Studio 2005
Project("{8BC9CEB8-8B4A-11D0-8D11-00A0C91BC942}") = "scanServer", "scanServer.vcproj", "{887500AB-C9E1-49B0-B154-4857F3B56C1B}"
	ProjectSection(ProjectDependencies) = postProject
		{495D9177-21BE-498C-8F8D-CEC7482C4569} = {495D9177-21BE-498C-8F8D-CEC7482C4569}
		{FB361FB1-7F6C-414E-B624-FEED130D0FAF} = {FB361FB1-7F6C-414E-B624-FEED130D0FAF}
	EndProjectSection
EndProject
Project("{8BC9CEB8-8B4A-11D0-8D11-00A0C91BC942}") = "Demo", "..\Plugins\Demo\Demo.vcproj", "{495D9177-21BE-498C-8F8D-CEC7482C4569}"
	ProjectSection(ProjectDependencies) = postProject
		{FB361FB1-7F6C-414E-B624-FEED130D0FAF} = {FB361FB1-7F6C-414E-B624-FEED130D0FAF}
	EndProjectSection
EndProject
Project("{8BC9CEB8-8B4A-11D0-8D11-00A0C91BC942}") = "webEngine", "..\..\webEngine\webEngine.vcproj", "{FB361FB1-7F6C-414E-B624-FEED130D0FAF}"
EndProject
Global
	GlobalSection(SolutionConfigurationPlatforms) = preSolution
		Debug|Win32 = Debug|Win32
		Release|Win32 = Release|Win32
	EndGlobalSection
	GlobalSection(ProjectConfigurationPlatforms) = postSolution
		{887500AB-C9E1-49B0-B154-4857F3B56C1B}.Debug|Win32.ActiveCfg = Debug|Win32
		{887500AB-C9E1-49B0-B154-4857F3B56C1B}.Debug|Win32.Build.0 = Debug|Win32
		{887500AB-C9E1-49B0-B154-4857F3B56C1B}.Release|Win32.ActiveCfg = Release|Win32
		{887500AB-C9E1-49B0-B154-4857F3B56C1B}.Release|Win32.Build.0 = Release|Win32
		{495D9177-21BE-498C-8F8D-CEC7482C4569}.Debug|Win32.ActiveCfg = Debug|Win32
		{495D9177-21BE-498C-8F8D-CEC7482C4569}.Debug|Win32.Build.0 = Debug|Win32
		{495D9177-21BE-498C-8F8D-CEC7482C4569}.Release|Win32.ActiveCfg = Release|Win32
		{495D9177-21BE-498C-8F8D-CEC7482C4569}.Release|Win32.Build.0 = Release|Win32
		{FB361FB1-7F6C-414E-B624-FEED130D0FAF}.Debug|Win32.ActiveCfg = Debug|Win32
		{FB361FB1-7F6C-414E-B624-FEED130D0FAF}.Debug|Win32.Build.0 = Debug|Win32
		{FB361FB1-7F6C-414E-B624-FEED130D0FAF}.Release|Win32.ActiveCfg = Release|Win32
		{FB361FB1-7F6C-414E-B624-FEED130D0FAF}.Release|Win32.Build.0 = Release|Win32
	EndGlobalSection
	GlobalSection(SolutionProperties) = preSolution
		HideSolutionNode = FALSE
	EndGlobalSection
EndGlobal
