<?xml version="1.0" encoding="UTF-8" standalone="yes" ?>
<CodeBlocks_project_file>
	<FileVersion major="1" minor="6" />
	<Project>
		<Option title="webEngine" />
		<Option pch_mode="2" />
		<Option compiler="gcc" />
		<Build>
			<Target title="Debug">
				<Option output="libs\debug\libwebEngine" prefix_auto="1" extension_auto="1" />
				<Option working_dir="" />
				<Option object_output="build\debug\obj\" />
				<Option type="2" />
				<Option compiler="gcc" />
				<Option createDefFile="1" />
				<Compiler>
					<Add option="-Wall" />
					<Add option="-g" />
				</Compiler>
			</Target>
			<Target title="Release">
				<Option output="libs\release\libwebEngine" prefix_auto="1" extension_auto="1" />
				<Option working_dir="" />
				<Option object_output="build\release\obj\" />
				<Option type="2" />
				<Option compiler="gcc" />
				<Option createDefFile="1" />
				<Compiler>
					<Add option="-O2" />
					<Add option="-Wall" />
				</Compiler>
				<Linker>
					<Add option="-s" />
				</Linker>
			</Target>
		</Build>
		<Compiler>
			<Add directory="include" />
		</Compiler>
		<Unit filename="include\weBlob.h" />
		<Unit filename="include\weDiffLib.h" />
		<Unit filename="include\weHTTP.h" />
		<Unit filename="include\weHelper.h" />
		<Unit filename="include\weHtmlEntity.h" />
		<Unit filename="include\weLogger.h" />
		<Unit filename="include\weOptions.h" />
		<Unit filename="include\weStrings.h" />
		<Unit filename="include\weTagScanner.h" />
		<Unit filename="include\weTask.h" />
		<Unit filename="include\weUrl.h" />
		<Unit filename="include\weiBase.h" />
		<Unit filename="include\weiParser.h" />
		<Unit filename="include\weiPlugin.h" />
		<Unit filename="include\weiTransport.h" />
		<Unit filename="sources\externals\dtl.hpp" />
		<Unit filename="sources\weBlob.cpp" />
		<Unit filename="sources\weDiffLib.cpp" />
		<Unit filename="sources\weHTTP.cpp" />
		<Unit filename="sources\weHelper.cpp" />
		<Unit filename="sources\weHtmlEntity.cpp" />
		<Unit filename="sources\weHttpResp.cpp" />
		<Unit filename="sources\weLogger.cpp" />
		<Unit filename="sources\weStrings.cpp" />
		<Unit filename="sources\weTagScanner.cpp" />
		<Unit filename="sources\weTask.cpp" />
		<Unit filename="sources\weUrl.cpp" />
		<Unit filename="sources\weiParser.cpp" />
		<Unit filename="sources\weiPlugin.cpp" />
		<Unit filename="sources\weiTransport.cpp" />
		<Extensions>
			<code_completion />
			<envvars />
			<debugger />
			<lib_finder disable_auto="1" />
		</Extensions>
	</Project>
</CodeBlocks_project_file>
