
Microsoft Visual Studio Solution File, Format Version 9.00
# Visual Studio 2005
Project("{8BC9CEB8-8B4A-11D0-8D11-00A0C91BC942}") = "webEngine", "webEngine.vcproj", "{FB361FB1-7F6C-414E-B624-FEED130D0FAF}"
EndProject
Project("{8BC9CEB8-8B4A-11D0-8D11-00A0C91BC942}") = "tagscanner", "examples\tagscanner\tagscanner.vcproj", "{43207CF1-6F20-4542-A801-778384AAA2B6}"
	ProjectSection(ProjectDependencies) = postProject
		{FB361FB1-7F6C-414E-B624-FEED130D0FAF} = {FB361FB1-7F6C-414E-B624-FEED130D0FAF}
	EndProjectSection
EndProject
Project("{8BC9CEB8-8B4A-11D0-8D11-00A0C91BC942}") = "httpget", "examples\httpget\httpget.vcproj", "{02E33E79-7659-4844-A08F-5D08E275C272}"
	ProjectSection(ProjectDependencies) = postProject
		{FB361FB1-7F6C-414E-B624-FEED130D0FAF} = {FB361FB1-7F6C-414E-B624-FEED130D0FAF}
	EndProjectSection
EndProject
Project("{8BC9CEB8-8B4A-11D0-8D11-00A0C91BC942}") = "document", "examples\document\document.vcproj", "{120470C9-C3F7-4718-BE26-147607034DEB}"
	ProjectSection(ProjectDependencies) = postProject
		{FB361FB1-7F6C-414E-B624-FEED130D0FAF} = {FB361FB1-7F6C-414E-B624-FEED130D0FAF}
	EndProjectSection
EndProject
Project("{8BC9CEB8-8B4A-11D0-8D11-00A0C91BC942}") = "task", "examples\task\task.vcproj", "{61504B10-23B4-4584-BE78-211C6F97D301}"
	ProjectSection(ProjectDependencies) = postProject
		{FB361FB1-7F6C-414E-B624-FEED130D0FAF} = {FB361FB1-7F6C-414E-B624-FEED130D0FAF}
	EndProjectSection
EndProject
Project("{8BC9CEB8-8B4A-11D0-8D11-00A0C91BC942}") = "difflib", "examples\difflib\difflib.vcproj", "{99E5BEDA-D7DB-4CCF-B46A-6A27EC040BF4}"
	ProjectSection(ProjectDependencies) = postProject
		{FB361FB1-7F6C-414E-B624-FEED130D0FAF} = {FB361FB1-7F6C-414E-B624-FEED130D0FAF}
	EndProjectSection
EndProject
Global
	GlobalSection(SolutionConfigurationPlatforms) = preSolution
		Debug|Win32 = Debug|Win32
		Release|Win32 = Release|Win32
	EndGlobalSection
	GlobalSection(ProjectConfigurationPlatforms) = postSolution
		{FB361FB1-7F6C-414E-B624-FEED130D0FAF}.Debug|Win32.ActiveCfg = Debug|Win32
		{FB361FB1-7F6C-414E-B624-FEED130D0FAF}.Debug|Win32.Build.0 = Debug|Win32
		{FB361FB1-7F6C-414E-B624-FEED130D0FAF}.Release|Win32.ActiveCfg = Release|Win32
		{FB361FB1-7F6C-414E-B624-FEED130D0FAF}.Release|Win32.Build.0 = Release|Win32
		{43207CF1-6F20-4542-A801-778384AAA2B6}.Debug|Win32.ActiveCfg = Debug|Win32
		{43207CF1-6F20-4542-A801-778384AAA2B6}.Debug|Win32.Build.0 = Debug|Win32
		{43207CF1-6F20-4542-A801-778384AAA2B6}.Release|Win32.ActiveCfg = Release|Win32
		{43207CF1-6F20-4542-A801-778384AAA2B6}.Release|Win32.Build.0 = Release|Win32
		{02E33E79-7659-4844-A08F-5D08E275C272}.Debug|Win32.ActiveCfg = Debug|Win32
		{02E33E79-7659-4844-A08F-5D08E275C272}.Debug|Win32.Build.0 = Debug|Win32
		{02E33E79-7659-4844-A08F-5D08E275C272}.Release|Win32.ActiveCfg = Release|Win32
		{02E33E79-7659-4844-A08F-5D08E275C272}.Release|Win32.Build.0 = Release|Win32
		{120470C9-C3F7-4718-BE26-147607034DEB}.Debug|Win32.ActiveCfg = Debug|Win32
		{120470C9-C3F7-4718-BE26-147607034DEB}.Debug|Win32.Build.0 = Debug|Win32
		{120470C9-C3F7-4718-BE26-147607034DEB}.Release|Win32.ActiveCfg = Release|Win32
		{120470C9-C3F7-4718-BE26-147607034DEB}.Release|Win32.Build.0 = Release|Win32
		{61504B10-23B4-4584-BE78-211C6F97D301}.Debug|Win32.ActiveCfg = Debug|Win32
		{61504B10-23B4-4584-BE78-211C6F97D301}.Debug|Win32.Build.0 = Debug|Win32
		{61504B10-23B4-4584-BE78-211C6F97D301}.Release|Win32.ActiveCfg = Release|Win32
		{61504B10-23B4-4584-BE78-211C6F97D301}.Release|Win32.Build.0 = Release|Win32
		{99E5BEDA-D7DB-4CCF-B46A-6A27EC040BF4}.Debug|Win32.ActiveCfg = Debug|Win32
		{99E5BEDA-D7DB-4CCF-B46A-6A27EC040BF4}.Debug|Win32.Build.0 = Debug|Win32
		{99E5BEDA-D7DB-4CCF-B46A-6A27EC040BF4}.Release|Win32.ActiveCfg = Release|Win32
		{99E5BEDA-D7DB-4CCF-B46A-6A27EC040BF4}.Release|Win32.Build.0 = Release|Win32
	EndGlobalSection
	GlobalSection(SolutionProperties) = preSolution
		HideSolutionNode = FALSE
	EndGlobalSection
EndGlobal
