
Microsoft Visual Studio Solution File, Format Version 10.00
# Visual C++ Express 2008
Project("{8BC9CEB8-8B4A-11D0-8D11-00A0C91BC942}") = "connector", "connector\connector.vcproj", "{C953110D-EDBA-4AA3-A0C1-100AAFADD67D}"
	ProjectSection(ProjectDependencies) = postProject
		{FB361FB1-7F6C-414E-B624-FEED130D0FAF} = {FB361FB1-7F6C-414E-B624-FEED130D0FAF}
	EndProjectSection
EndProject
Project("{8BC9CEB8-8B4A-11D0-8D11-00A0C91BC942}") = "webEngine", "..\webEngine\webEngine.vcproj", "{FB361FB1-7F6C-414E-B624-FEED130D0FAF}"
EndProject
Global
	GlobalSection(SolutionConfigurationPlatforms) = preSolution
		Debug|Win32 = Debug|Win32
		Release|Win32 = Release|Win32
	EndGlobalSection
	GlobalSection(ProjectConfigurationPlatforms) = postSolution
		{C953110D-EDBA-4AA3-A0C1-100AAFADD67D}.Debug|Win32.ActiveCfg = Debug|Win32
		{C953110D-EDBA-4AA3-A0C1-100AAFADD67D}.Debug|Win32.Build.0 = Debug|Win32
		{C953110D-EDBA-4AA3-A0C1-100AAFADD67D}.Release|Win32.ActiveCfg = Release|Win32
		{C953110D-EDBA-4AA3-A0C1-100AAFADD67D}.Release|Win32.Build.0 = Release|Win32
		{FB361FB1-7F6C-414E-B624-FEED130D0FAF}.Debug|Win32.ActiveCfg = Debug|Win32
		{FB361FB1-7F6C-414E-B624-FEED130D0FAF}.Debug|Win32.Build.0 = Debug|Win32
		{FB361FB1-7F6C-414E-B624-FEED130D0FAF}.Release|Win32.ActiveCfg = Release|Win32
		{FB361FB1-7F6C-414E-B624-FEED130D0FAF}.Release|Win32.Build.0 = Release|Win32
	EndGlobalSection
	GlobalSection(SolutionProperties) = preSolution
		HideSolutionNode = FALSE
	EndGlobalSection
EndGlobal
